{
    "_readme": [
        "This file locks the dependencies of your project to a known state",
        "Read more about it at https://getcomposer.org/doc/01-basic-usage.md#composer-lock-the-lock-file",
        "This file is @generated automatically"
    ],
    "hash": "7a5c9dba716301d4aff2f9a7ecde9835",
    "content-hash": "a6429d7b5b370b8653c317960cd98f89",
    "packages": [
        {
            "name": "salsify/json-streaming-parser",
            "version": "v6.0.3",
            "source": {
                "type": "git",
                "url": "https://github.com/salsify/jsonstreamingparser.git",
                "reference": "0b6403c8a2b1fc4c5af77b5c0174c11bd958a9d2"
            },
            "dist": {
                "type": "zip",
                "url": "https://api.github.com/repos/salsify/jsonstreamingparser/zipball/0b6403c8a2b1fc4c5af77b5c0174c11bd958a9d2",
                "reference": "0b6403c8a2b1fc4c5af77b5c0174c11bd958a9d2",
                "shasum": ""
            },
            "require": {
                "ext-mbstring": "*",
                "php": "^5.4 | ^7.0"
            },
            "require-dev": {
                "phpunit/phpunit": "~4.0"
            },
            "type": "library",
            "autoload": {
                "psr-4": {
                    "JsonStreamingParser\\": "src",
                    "JsonStreamingParser\\Test\\": "tests"
                }
            },
            "notification-url": "https://packagist.org/downloads/",
            "license": [
                "MIT"
            ],
            "authors": [
                {
                    "name": "Maxim Gnatenko",
                    "email": "mgnatenko@gmail.com"
                },
                {
                    "name": "Rob Gonzalez",
                    "email": "rob@salsify.com",
                    "homepage": "http://salsify.com/"
                },
                {
                    "name": "Max Grigorian",
                    "email": "maxakawizard@gmail.com",
                    "homepage": "http://wizardcat.com/"
                }
            ],
            "description": "A streaming parser for JSON in PHP.",
            "homepage": "https://github.com/salsify/jsonstreamingparser",
            "keywords": [
                "json",
                "parser",
                "streaming"
            ],
            "time": "2017-09-02 14:02:01"
        }
    ],
    "packages-dev": [],
    "aliases": [],
    "minimum-stability": "stable",
    "stability-flags": [],
    "prefer-stable": false,
    "prefer-lowest": false,
    "platform": [],
    "platform-dev": []
}
